
Microsoft Visual Studio Solution File, Format Version 12.00
# Visual Studio Version 16
VisualStudioVersion = 16.0.30717.126
MinimumVisualStudioVersion = 10.0.40219.1
Project("{9A19103F-16F7-4668-BE54-9A1E7A4F7556}") = "Spotify", "Spotify\Spotify.csproj", "{19EB29E9-0590-47C4-8468-2F2EBC2802F2}"
EndProject
Global
	GlobalSection(SolutionConfigurationPlatforms) = preSolution
		Debug|Any CPU = Debug|Any CPU
		Release|Any CPU = Release|Any CPU
	EndGlobalSection
	GlobalSection(ProjectConfigurationPlatforms) = postSolution
		{19EB29E9-0590-47C4-8468-2F2EBC2802F2}.Debug|Any CPU.ActiveCfg = Debug|Any CPU
		{19EB29E9-0590-47C4-8468-2F2EBC2802F2}.Debug|Any CPU.Build.0 = Debug|Any CPU
		{19EB29E9-0590-47C4-8468-2F2EBC2802F2}.Release|Any CPU.ActiveCfg = Release|Any CPU
		{19EB29E9-0590-47C4-8468-2F2EBC2802F2}.Release|Any CPU.Build.0 = Release|Any CPU
	EndGlobalSection
	GlobalSection(SolutionProperties) = preSolution
		HideSolutionNode = FALSE
	EndGlobalSection
	GlobalSection(ExtensibilityGlobals) = postSolution
		SolutionGuid = {031ECC78-2FC7-4D4C-BABD-F098CEEA070C}
	EndGlobalSection
EndGlobal
